
Microsoft Visual Studio Solution File, Format Version 12.00
# Visual Studio Version 16
VisualStudioVersion = 16.0.32901.82
MinimumVisualStudioVersion = 10.0.40219.1
Project("{FAE04EC0-301F-11D3-BF4B-00C04F79EFBC}") = "Methods", "Methods\Methods.csproj", "{26063AA9-9E29-47B2-836E-00407EF8F1FB}"
EndProject
Global
	GlobalSection(SolutionConfigurationPlatforms) = preSolution
		Debug|Any CPU = Debug|Any CPU
		Release|Any CPU = Release|Any CPU
	EndGlobalSection
	GlobalSection(ProjectConfigurationPlatforms) = postSolution
		{26063AA9-9E29-47B2-836E-00407EF8F1FB}.Debug|Any CPU.ActiveCfg = Debug|Any CPU
		{26063AA9-9E29-47B2-836E-00407EF8F1FB}.Debug|Any CPU.Build.0 = Debug|Any CPU
		{26063AA9-9E29-47B2-836E-00407EF8F1FB}.Release|Any CPU.ActiveCfg = Release|Any CPU
		{26063AA9-9E29-47B2-836E-00407EF8F1FB}.Release|Any CPU.Build.0 = Release|Any CPU
	EndGlobalSection
	GlobalSection(SolutionProperties) = preSolution
		HideSolutionNode = FALSE
	EndGlobalSection
	GlobalSection(ExtensibilityGlobals) = postSolution
		SolutionGuid = {18306402-CB1B-45A2-AEDE-433559CBF70F}
	EndGlobalSection
EndGlobal
